PODS:
  - Flutter (1.0.0)
  - qr_code_scanner_plus (0.2.6):
    - Flutter
  - ur_registry_flutter (0.0.6):
    - Flutter

DEPENDENCIES:
  - Flutter (from `Flutter`)
  - qr_code_scanner_plus (from `.symlinks/plugins/qr_code_scanner_plus/ios`)
  - ur_registry_flutter (from `.symlinks/plugins/ur_registry_flutter/ios`)

EXTERNAL SOURCES:
  Flutter:
    :path: Flutter
  qr_code_scanner_plus:
    :path: ".symlinks/plugins/qr_code_scanner_plus/ios"
  ur_registry_flutter:
    :path: ".symlinks/plugins/ur_registry_flutter/ios"

SPEC CHECKSUMS:
  Flutter: cabc95a1d2626b1b06e7179b784ebcf0c0cde467
  qr_code_scanner_plus: 1fb59fd4576edb53ec7560c3746f454dee54300c
  ur_registry_flutter: 9abbbc18b3aa19edda0b05342397f4d2d5389cea

PODFILE CHECKSUM: 0dbd5a87e0ace00c9610d2037ac22083a01f861d

COCOAPODS: 1.16.2
